// !$*UTF8*$!
{
	archiveVersion = 1;
	classes = {
	};
	objectVersion = 46;
	objects = {

/* Begin PBXBuildFile section */
		A13BFCCA1B6381900016AF15 /* NSTextField+secure.swift in Sources */ = {isa = PBXBuildFile; fileRef = A13BFCC91B6381900016AF15 /* NSTextField+secure.swift */; };
		A13BFCCC1B6385700016AF15 /* NSButton+checked.swift in Sources */ = {isa = PBXBuildFile; fileRef = A13BFCCB1B6385700016AF15 /* NSButton+checked.swift */; };
		A13BFCCE1B6422A90016AF15 /* Hasher.swift in Sources */ = {isa = PBXBuildFile; fileRef = A13BFCCD1B6422A90016AF15 /* Hasher.swift */; };
		A13BFCD01B6425180016AF15 /* KeyboardEmulator.swift in Sources */ = {isa = PBXBuildFile; fileRef = A13BFCCF1B6425180016AF15 /* KeyboardEmulator.swift */; };
		A15DB1891B64A098009494AC /* ServiceManagement.framework in Frameworks */ = {isa = PBXBuildFile; fileRef = A15DB1881B64A098009494AC /* ServiceManagement.framework */; };
		A1677A291B64A20600B5C8E7 /* AppDelegate.swift in Sources */ = {isa = PBXBuildFile; fileRef = A1677A281B64A20600B5C8E7 /* AppDelegate.swift */; };
		A1677A2B1B64A20600B5C8E7 /* Assets.xcassets in Resources */ = {isa = PBXBuildFile; fileRef = A1677A2A1B64A20600B5C8E7 /* Assets.xcassets */; };
		A1677A2E1B64A20600B5C8E7 /* MainMenu.xib in Resources */ = {isa = PBXBuildFile; fileRef = A1677A2C1B64A20600B5C8E7 /* MainMenu.xib */; };
		A1677A521B64A2B400B5C8E7 /* HushStartup.app in CopyFiles */ = {isa = PBXBuildFile; fileRef = A1677A261B64A20600B5C8E7 /* HushStartup.app */; settings = {ATTRIBUTES = (RemoveHeadersOnCopy, ); }; };
		A18A60D31B61BA690082D157 /* AppDelegate.swift in Sources */ = {isa = PBXBuildFile; fileRef = A18A60D21B61BA690082D157 /* AppDelegate.swift */; };
		A18A60D71B61BA690082D157 /* Images.xcassets in Resources */ = {isa = PBXBuildFile; fileRef = A18A60D61B61BA690082D157 /* Images.xcassets */; };
		A18A60E61B61BA690082D157 /* HushTests.swift in Sources */ = {isa = PBXBuildFile; fileRef = A18A60E51B61BA690082D157 /* HushTests.swift */; };
		A18A60F11B61BFBC0082D157 /* Main.xib in Resources */ = {isa = PBXBuildFile; fileRef = A18A60F01B61BFBC0082D157 /* Main.xib */; };
		A18A81821B62C51300F21A2F /* HotKeys.m in Sources */ = {isa = PBXBuildFile; fileRef = A18A81811B62C51300F21A2F /* HotKeys.m */; };
		A18AC24C1B634DE700366CDA /* CGEventFlags_.swift in Sources */ = {isa = PBXBuildFile; fileRef = A18AC24B1B634DE700366CDA /* CGEventFlags_.swift */; };
		A1FF80591B6484B2005C5B62 /* Assets.sketch in Resources */ = {isa = PBXBuildFile; fileRef = A1FF80581B6484B2005C5B62 /* Assets.sketch */; };
/* End PBXBuildFile section */

/* Begin PBXContainerItemProxy section */
		A18A60E01B61BA690082D157 /* PBXContainerItemProxy */ = {
			isa = PBXContainerItemProxy;
			containerPortal = A18A60C51B61BA690082D157 /* Project object */;
			proxyType = 1;
			remoteGlobalIDString = A18A60CC1B61BA690082D157;
			remoteInfo = Hush;
		};
/* End PBXContainerItemProxy section */

/* Begin PBXCopyFilesBuildPhase section */
		A1677A511B64A2AA00B5C8E7 /* CopyFiles */ = {
			isa = PBXCopyFilesBuildPhase;
			buildActionMask = 2147483647;
			dstPath = Contents/Library/LoginItems;
			dstSubfolderSpec = 1;
			files = (
				A1677A521B64A2B400B5C8E7 /* HushStartup.app in CopyFiles */,
			);
			runOnlyForDeploymentPostprocessing = 0;
		};
/* End PBXCopyFilesBuildPhase section */

/* Begin PBXFileReference section */
		A13BFCC91B6381900016AF15 /* NSTextField+secure.swift */ = {isa = PBXFileReference; fileEncoding = 4; lastKnownFileType = sourcecode.swift; path = "NSTextField+secure.swift"; sourceTree = "<group>"; };
		A13BFCCB1B6385700016AF15 /* NSButton+checked.swift */ = {isa = PBXFileReference; fileEncoding = 4; lastKnownFileType = sourcecode.swift; path = "NSButton+checked.swift"; sourceTree = "<group>"; };
		A13BFCCD1B6422A90016AF15 /* Hasher.swift */ = {isa = PBXFileReference; fileEncoding = 4; lastKnownFileType = sourcecode.swift; path = Hasher.swift; sourceTree = "<group>"; };
		A13BFCCF1B6425180016AF15 /* KeyboardEmulator.swift */ = {isa = PBXFileReference; fileEncoding = 4; lastKnownFileType = sourcecode.swift; path = KeyboardEmulator.swift; sourceTree = "<group>"; };
		A15DB1881B64A098009494AC /* ServiceManagement.framework */ = {isa = PBXFileReference; lastKnownFileType = wrapper.framework; name = ServiceManagement.framework; path = System/Library/Frameworks/ServiceManagement.framework; sourceTree = SDKROOT; };
		A1677A261B64A20600B5C8E7 /* HushStartup.app */ = {isa = PBXFileReference; explicitFileType = wrapper.application; includeInIndex = 0; path = HushStartup.app; sourceTree = BUILT_PRODUCTS_DIR; };
		A1677A281B64A20600B5C8E7 /* AppDelegate.swift */ = {isa = PBXFileReference; lastKnownFileType = sourcecode.swift; path = AppDelegate.swift; sourceTree = "<group>"; };
		A1677A2A1B64A20600B5C8E7 /* Assets.xcassets */ = {isa = PBXFileReference; lastKnownFileType = folder.assetcatalog; path = Assets.xcassets; sourceTree = "<group>"; };
		A1677A2D1B64A20600B5C8E7 /* Base */ = {isa = PBXFileReference; lastKnownFileType = file.xib; name = Base; path = Base.lproj/MainMenu.xib; sourceTree = "<group>"; };
		A1677A2F1B64A20600B5C8E7 /* Info.plist */ = {isa = PBXFileReference; lastKnownFileType = text.plist.xml; path = Info.plist; sourceTree = "<group>"; };
		A18A60CD1B61BA690082D157 /* Hush.app */ = {isa = PBXFileReference; explicitFileType = wrapper.application; includeInIndex = 0; path = Hush.app; sourceTree = BUILT_PRODUCTS_DIR; };
		A18A60D11B61BA690082D157 /* Info.plist */ = {isa = PBXFileReference; lastKnownFileType = text.plist.xml; path = Info.plist; sourceTree = "<group>"; };
		A18A60D21B61BA690082D157 /* AppDelegate.swift */ = {isa = PBXFileReference; lastKnownFileType = sourcecode.swift; path = AppDelegate.swift; sourceTree = "<group>"; };
		A18A60D61B61BA690082D157 /* Images.xcassets */ = {isa = PBXFileReference; lastKnownFileType = folder.assetcatalog; path = Images.xcassets; sourceTree = "<group>"; };
		A18A60DF1B61BA690082D157 /* HushTests.xctest */ = {isa = PBXFileReference; explicitFileType = wrapper.cfbundle; includeInIndex = 0; path = HushTests.xctest; sourceTree = BUILT_PRODUCTS_DIR; };
		A18A60E41B61BA690082D157 /* Info.plist */ = {isa = PBXFileReference; lastKnownFileType = text.plist.xml; path = Info.plist; sourceTree = "<group>"; };
		A18A60E51B61BA690082D157 /* HushTests.swift */ = {isa = PBXFileReference; lastKnownFileType = sourcecode.swift; path = HushTests.swift; sourceTree = "<group>"; };
		A18A60F01B61BFBC0082D157 /* Main.xib */ = {isa = PBXFileReference; fileEncoding = 4; lastKnownFileType = file.xib; path = Main.xib; sourceTree = "<group>"; };
		A18A817F1B62C51300F21A2F /* Hush-Bridging-Header.h */ = {isa = PBXFileReference; lastKnownFileType = sourcecode.c.h; path = "Hush-Bridging-Header.h"; sourceTree = "<group>"; };
		A18A81801B62C51300F21A2F /* HotKeys.h */ = {isa = PBXFileReference; fileEncoding = 4; lastKnownFileType = sourcecode.c.h; path = HotKeys.h; sourceTree = "<group>"; };
		A18A81811B62C51300F21A2F /* HotKeys.m */ = {isa = PBXFileReference; fileEncoding = 4; lastKnownFileType = sourcecode.c.objc; path = HotKeys.m; sourceTree = "<group>"; };
		A18AC24B1B634DE700366CDA /* CGEventFlags_.swift */ = {isa = PBXFileReference; fileEncoding = 4; lastKnownFileType = sourcecode.swift; path = CGEventFlags_.swift; sourceTree = "<group>"; };
		A1FF80581B6484B2005C5B62 /* Assets.sketch */ = {isa = PBXFileReference; lastKnownFileType = file; path = Assets.sketch; sourceTree = "<group>"; };
/* End PBXFileReference section */

/* Begin PBXFrameworksBuildPhase section */
		A1677A231B64A20600B5C8E7 /* Frameworks */ = {
			isa = PBXFrameworksBuildPhase;
			buildActionMask = 2147483647;
			files = (
			);
			runOnlyForDeploymentPostprocessing = 0;
		};
		A18A60CA1B61BA690082D157 /* Frameworks */ = {
			isa = PBXFrameworksBuildPhase;
			buildActionMask = 2147483647;
			files = (
				A15DB1891B64A098009494AC /* ServiceManagement.framework in Frameworks */,
			);
			runOnlyForDeploymentPostprocessing = 0;
		};
		A18A60DC1B61BA690082D157 /* Frameworks */ = {
			isa = PBXFrameworksBuildPhase;
			buildActionMask = 2147483647;
			files = (
			);
			runOnlyForDeploymentPostprocessing = 0;
		};
/* End PBXFrameworksBuildPhase section */

/* Begin PBXGroup section */
		A15DB18A1B64A09D009494AC /* Libraries */ = {
			isa = PBXGroup;
			children = (
				A15DB1881B64A098009494AC /* ServiceManagement.framework */,
			);
			name = Libraries;
			sourceTree = "<group>";
		};
		A1677A271B64A20600B5C8E7 /* HushStartup */ = {
			isa = PBXGroup;
			children = (
				A1677A281B64A20600B5C8E7 /* AppDelegate.swift */,
				A1677A2A1B64A20600B5C8E7 /* Assets.xcassets */,
				A1677A2C1B64A20600B5C8E7 /* MainMenu.xib */,
				A1677A2F1B64A20600B5C8E7 /* Info.plist */,
			);
			path = HushStartup;
			sourceTree = "<group>";
		};
		A18A60C41B61BA690082D157 = {
			isa = PBXGroup;
			children = (
				A18A60CF1B61BA690082D157 /* Hush */,
				A18A60E21B61BA690082D157 /* HushTests */,
				A1677A271B64A20600B5C8E7 /* HushStartup */,
				A18A60CE1B61BA690082D157 /* Products */,
				A15DB18A1B64A09D009494AC /* Libraries */,
			);
			sourceTree = "<group>";
		};
		A18A60CE1B61BA690082D157 /* Products */ = {
			isa = PBXGroup;
			children = (
				A18A60CD1B61BA690082D157 /* Hush.app */,
				A18A60DF1B61BA690082D157 /* HushTests.xctest */,
				A1677A261B64A20600B5C8E7 /* HushStartup.app */,
			);
			name = Products;
			sourceTree = "<group>";
		};
		A18A60CF1B61BA690082D157 /* Hush */ = {
			isa = PBXGroup;
			children = (
				A1E9BA761B64ADA80086536B /* Extensions */,
				A18A60D21B61BA690082D157 /* AppDelegate.swift */,
				A13BFCCD1B6422A90016AF15 /* Hasher.swift */,
				A13BFCCF1B6425180016AF15 /* KeyboardEmulator.swift */,
				A18A81801B62C51300F21A2F /* HotKeys.h */,
				A18A81811B62C51300F21A2F /* HotKeys.m */,
				A18A60D61B61BA690082D157 /* Images.xcassets */,
				A18A60F01B61BFBC0082D157 /* Main.xib */,
				A18A60D01B61BA690082D157 /* Supporting Files */,
				A18A817F1B62C51300F21A2F /* Hush-Bridging-Header.h */,
			);
			path = Hush;
			sourceTree = "<group>";
		};
		A18A60D01B61BA690082D157 /* Supporting Files */ = {
			isa = PBXGroup;
			children = (
				A1FF80581B6484B2005C5B62 /* Assets.sketch */,
				A18A60D11B61BA690082D157 /* Info.plist */,
			);
			name = "Supporting Files";
			sourceTree = "<group>";
		};
		A18A60E21B61BA690082D157 /* HushTests */ = {
			isa = PBXGroup;
			children = (
				A18A60E51B61BA690082D157 /* HushTests.swift */,
				A18A60E31B61BA690082D157 /* Supporting Files */,
			);
			path = HushTests;
			sourceTree = "<group>";
		};
		A18A60E31B61BA690082D157 /* Supporting Files */ = {
			isa = PBXGroup;
			children = (
				A18A60E41B61BA690082D157 /* Info.plist */,
			);
			name = "Supporting Files";
			sourceTree = "<group>";
		};
		A1E9BA761B64ADA80086536B /* Extensions */ = {
			isa = PBXGroup;
			children = (
				A18AC24B1B634DE700366CDA /* CGEventFlags_.swift */,
				A13BFCC91B6381900016AF15 /* NSTextField+secure.swift */,
				A13BFCCB1B6385700016AF15 /* NSButton+checked.swift */,
			);
			name = Extensions;
			sourceTree = "<group>";
		};
/* End PBXGroup section */

/* Begin PBXNativeTarget section */
		A1677A251B64A20600B5C8E7 /* HushStartup */ = {
			isa = PBXNativeTarget;
			buildConfigurationList = A1677A4C1B64A20600B5C8E7 /* Build configuration list for PBXNativeTarget "HushStartup" */;
			buildPhases = (
				A1677A221B64A20600B5C8E7 /* Sources */,
				A1677A231B64A20600B5C8E7 /* Frameworks */,
				A1677A241B64A20600B5C8E7 /* Resources */,
			);
			buildRules = (
			);
			dependencies = (
			);
			name = HushStartup;
			productName = HushStartup;
			productReference = A1677A261B64A20600B5C8E7 /* HushStartup.app */;
			productType = "com.apple.product-type.application";
		};
		A18A60CC1B61BA690082D157 /* Hush */ = {
			isa = PBXNativeTarget;
			buildConfigurationList = A18A60E91B61BA690082D157 /* Build configuration list for PBXNativeTarget "Hush" */;
			buildPhases = (
				A18A60C91B61BA690082D157 /* Sources */,
				A18A60CA1B61BA690082D157 /* Frameworks */,
				A18A60CB1B61BA690082D157 /* Resources */,
				A1677A511B64A2AA00B5C8E7 /* CopyFiles */,
			);
			buildRules = (
			);
			dependencies = (
			);
			name = Hush;
			productName = Hush;
			productReference = A18A60CD1B61BA690082D157 /* Hush.app */;
			productType = "com.apple.product-type.application";
		};
		A18A60DE1B61BA690082D157 /* HushTests */ = {
			isa = PBXNativeTarget;
			buildConfigurationList = A18A60EC1B61BA690082D157 /* Build configuration list for PBXNativeTarget "HushTests" */;
			buildPhases = (
				A18A60DB1B61BA690082D157 /* Sources */,
				A18A60DC1B61BA690082D157 /* Frameworks */,
				A18A60DD1B61BA690082D157 /* Resources */,
			);
			buildRules = (
			);
			dependencies = (
				A18A60E11B61BA690082D157 /* PBXTargetDependency */,
			);
			name = HushTests;
			productName = HushTests;
			productReference = A18A60DF1B61BA690082D157 /* HushTests.xctest */;
			productType = "com.apple.product-type.bundle.unit-test";
		};
/* End PBXNativeTarget section */

/* Begin PBXProject section */
		A18A60C51B61BA690082D157 /* Project object */ = {
			isa = PBXProject;
			attributes = {
				LastSwiftUpdateCheck = 0700;
				LastUpgradeCheck = 0700;
				ORGANIZATIONNAME = "Nathan Dinsmore";
				TargetAttributes = {
					A1677A251B64A20600B5C8E7 = {
						CreatedOnToolsVersion = 7.0;
					};
					A18A60CC1B61BA690082D157 = {
						CreatedOnToolsVersion = 6.4;
						SystemCapabilities = {
							com.apple.Sandbox = {
								enabled = 0;
							};
						};
					};
					A18A60DE1B61BA690082D157 = {
						CreatedOnToolsVersion = 6.4;
						TestTargetID = A18A60CC1B61BA690082D157;
					};
				};
			};
			buildConfigurationList = A18A60C81B61BA690082D157 /* Build configuration list for PBXProject "Hush" */;
			compatibilityVersion = "Xcode 3.2";
			developmentRegion = English;
			hasScannedForEncodings = 0;
			knownRegions = (
				en,
				Base,
			);
			mainGroup = A18A60C41B61BA690082D157;
			productRefGroup = A18A60CE1B61BA690082D157 /* Products */;
			projectDirPath = "";
			projectRoot = "";
			targets = (
				A18A60CC1B61BA690082D157 /* Hush */,
				A18A60DE1B61BA690082D157 /* HushTests */,
				A1677A251B64A20600B5C8E7 /* HushStartup */,
			);
		};
/* End PBXProject section */

/* Begin PBXResourcesBuildPhase section */
		A1677A241B64A20600B5C8E7 /* Resources */ = {
			isa = PBXResourcesBuildPhase;
			buildActionMask = 2147483647;
			files = (
				A1677A2B1B64A20600B5C8E7 /* Assets.xcassets in Resources */,
				A1677A2E1B64A20600B5C8E7 /* MainMenu.xib in Resources */,
			);
			runOnlyForDeploymentPostprocessing = 0;
		};
		A18A60CB1B61BA690082D157 /* Resources */ = {
			isa = PBXResourcesBuildPhase;
			buildActionMask = 2147483647;
			files = (
				A18A60F11B61BFBC0082D157 /* Main.xib in Resources */,
				A18A60D71B61BA690082D157 /* Images.xcassets in Resources */,
				A1FF80591B6484B2005C5B62 /* Assets.sketch in Resources */,
			);
			runOnlyForDeploymentPostprocessing = 0;
		};
		A18A60DD1B61BA690082D157 /* Resources */ = {
			isa = PBXResourcesBuildPhase;
			buildActionMask = 2147483647;
			files = (
			);
			runOnlyForDeploymentPostprocessing = 0;
		};
/* End PBXResourcesBuildPhase section */

/* Begin PBXSourcesBuildPhase section */
		A1677A221B64A20600B5C8E7 /* Sources */ = {
			isa = PBXSourcesBuildPhase;
			buildActionMask = 2147483647;
			files = (
				A1677A291B64A20600B5C8E7 /* AppDelegate.swift in Sources */,
			);
			runOnlyForDeploymentPostprocessing = 0;
		};
		A18A60C91B61BA690082D157 /* Sources */ = {
			isa = PBXSourcesBuildPhase;
			buildActionMask = 2147483647;
			files = (
				A18A60D31B61BA690082D157 /* AppDelegate.swift in Sources */,
				A18A81821B62C51300F21A2F /* HotKeys.m in Sources */,
				A13BFCCA1B6381900016AF15 /* NSTextField+secure.swift in Sources */,
				A13BFCD01B6425180016AF15 /* KeyboardEmulator.swift in Sources */,
				A13BFCCC1B6385700016AF15 /* NSButton+checked.swift in Sources */,
				A13BFCCE1B6422A90016AF15 /* Hasher.swift in Sources */,
				A18AC24C1B634DE700366CDA /* CGEventFlags_.swift in Sources */,
			);
			runOnlyForDeploymentPostprocessing = 0;
		};
		A18A60DB1B61BA690082D157 /* Sources */ = {
			isa = PBXSourcesBuildPhase;
			buildActionMask = 2147483647;
			files = (
				A18A60E61B61BA690082D157 /* HushTests.swift in Sources */,
			);
			runOnlyForDeploymentPostprocessing = 0;
		};
/* End PBXSourcesBuildPhase section */

/* Begin PBXTargetDependency section */
		A18A60E11B61BA690082D157 /* PBXTargetDependency */ = {
			isa = PBXTargetDependency;
			target = A18A60CC1B61BA690082D157 /* Hush */;
			targetProxy = A18A60E01B61BA690082D157 /* PBXContainerItemProxy */;
		};
/* End PBXTargetDependency section */

/* Begin PBXVariantGroup section */
		A1677A2C1B64A20600B5C8E7 /* MainMenu.xib */ = {
			isa = PBXVariantGroup;
			children = (
				A1677A2D1B64A20600B5C8E7 /* Base */,
			);
			name = MainMenu.xib;
			sourceTree = "<group>";
		};
/* End PBXVariantGroup section */

/* Begin XCBuildConfiguration section */
		A1677A461B64A20600B5C8E7 /* Debug */ = {
			isa = XCBuildConfiguration;
			buildSettings = {
				ASSETCATALOG_COMPILER_APPICON_NAME = AppIcon;
				COMBINE_HIDPI_IMAGES = YES;
				INFOPLIST_FILE = HushStartup/Info.plist;
				LD_RUNPATH_SEARCH_PATHS = "$(inherited) @executable_path/../Frameworks";
				PRODUCT_BUNDLE_IDENTIFIER = io.github.nathan.HushStartup;
				PRODUCT_NAME = "$(TARGET_NAME)";
			};
			name = Debug;
		};
		A1677A471B64A20600B5C8E7 /* Release */ = {
			isa = XCBuildConfiguration;
			buildSettings = {
				ASSETCATALOG_COMPILER_APPICON_NAME = AppIcon;
				COMBINE_HIDPI_IMAGES = YES;
				INFOPLIST_FILE = HushStartup/Info.plist;
				LD_RUNPATH_SEARCH_PATHS = "$(inherited) @executable_path/../Frameworks";
				PRODUCT_BUNDLE_IDENTIFIER = io.github.nathan.HushStartup;
				PRODUCT_NAME = "$(TARGET_NAME)";
			};
			name = Release;
		};
		A18A60E71B61BA690082D157 /* Debug */ = {
			isa = XCBuildConfiguration;
			buildSettings = {
				ALWAYS_SEARCH_USER_PATHS = NO;
				CLANG_CXX_LANGUAGE_STANDARD = "gnu++0x";
				CLANG_CXX_LIBRARY = "libc++";
				CLANG_ENABLE_MODULES = YES;
				CLANG_ENABLE_OBJC_ARC = YES;
				CLANG_WARN_BOOL_CONVERSION = YES;
				CLANG_WARN_CONSTANT_CONVERSION = YES;
				CLANG_WARN_DIRECT_OBJC_ISA_USAGE = YES_ERROR;
				CLANG_WARN_EMPTY_BODY = YES;
				CLANG_WARN_ENUM_CONVERSION = YES;
				CLANG_WARN_INT_CONVERSION = YES;
				CLANG_WARN_OBJC_ROOT_CLASS = YES_ERROR;
				CLANG_WARN_UNREACHABLE_CODE = YES;
				CLANG_WARN__DUPLICATE_METHOD_MATCH = YES;
				CODE_SIGN_IDENTITY = "-";
				COPY_PHASE_STRIP = NO;
				DEBUG_INFORMATION_FORMAT = dwarf;
				ENABLE_STRICT_OBJC_MSGSEND = YES;
				ENABLE_TESTABILITY = YES;
				GCC_C_LANGUAGE_STANDARD = gnu99;
				GCC_DYNAMIC_NO_PIC = NO;
				GCC_NO_COMMON_BLOCKS = YES;
				GCC_OPTIMIZATION_LEVEL = 0;
				GCC_PREPROCESSOR_DEFINITIONS = (
					"DEBUG=1",
					"$(inherited)",
				);
				GCC_SYMBOLS_PRIVATE_EXTERN = NO;
				GCC_WARN_64_TO_32_BIT_CONVERSION = YES;
				GCC_WARN_ABOUT_RETURN_TYPE = YES_ERROR;
				GCC_WARN_UNDECLARED_SELECTOR = YES;
				GCC_WARN_UNINITIALIZED_AUTOS = YES_AGGRESSIVE;
				GCC_WARN_UNUSED_FUNCTION = YES;
				GCC_WARN_UNUSED_VARIABLE = YES;
				MACOSX_DEPLOYMENT_TARGET = 10.10;
				MTL_ENABLE_DEBUG_INFO = YES;
				ONLY_ACTIVE_ARCH = YES;
				SDKROOT = macosx;
				SWIFT_OPTIMIZATION_LEVEL = "-Onone";
			};
			name = Debug;
		};
		A18A60E81B61BA690082D157 /* Release */ = {
			isa = XCBuildConfiguration;
			buildSettings = {
				ALWAYS_SEARCH_USER_PATHS = NO;
				CLANG_CXX_LANGUAGE_STANDARD = "gnu++0x";
				CLANG_CXX_LIBRARY = "libc++";
				CLANG_ENABLE_MODULES = YES;
				CLANG_ENABLE_OBJC_ARC = YES;
				CLANG_WARN_BOOL_CONVERSION = YES;
				CLANG_WARN_CONSTANT_CONVERSION = YES;
				CLANG_WARN_DIRECT_OBJC_ISA_USAGE = YES_ERROR;
				CLANG_WARN_EMPTY_BODY = YES;
				CLANG_WARN_ENUM_CONVERSION = YES;
				CLANG_WARN_INT_CONVERSION = YES;
				CLANG_WARN_OBJC_ROOT_CLASS = YES_ERROR;
				CLANG_WARN_UNREACHABLE_CODE = YES;
				CLANG_WARN__DUPLICATE_METHOD_MATCH = YES;
				CODE_SIGN_IDENTITY = "-";
				COPY_PHASE_STRIP = NO;
				DEBUG_INFORMATION_FORMAT = "dwarf-with-dsym";
				ENABLE_NS_ASSERTIONS = NO;
				ENABLE_STRICT_OBJC_MSGSEND = YES;
				GCC_C_LANGUAGE_STANDARD = gnu99;
				GCC_NO_COMMON_BLOCKS = YES;
				GCC_WARN_64_TO_32_BIT_CONVERSION = YES;
				GCC_WARN_ABOUT_RETURN_TYPE = YES_ERROR;
				GCC_WARN_UNDECLARED_SELECTOR = YES;
				GCC_WARN_UNINITIALIZED_AUTOS = YES_AGGRESSIVE;
				GCC_WARN_UNUSED_FUNCTION = YES;
				GCC_WARN_UNUSED_VARIABLE = YES;
				MACOSX_DEPLOYMENT_TARGET = 10.10;
				MTL_ENABLE_DEBUG_INFO = NO;
				SDKROOT = macosx;
			};
			name = Release;
		};
		A18A60EA1B61BA690082D157 /* Debug */ = {
			isa = XCBuildConfiguration;
			buildSettings = {
				ASSETCATALOG_COMPILER_APPICON_NAME = AppIcon;
				CLANG_ENABLE_MODULES = YES;
				COMBINE_HIDPI_IMAGES = YES;
				INFOPLIST_FILE = Hush/Info.plist;
				LD_RUNPATH_SEARCH_PATHS = "$(inherited) @executable_path/../Frameworks";
				LIBRARY_SEARCH_PATHS = (
					"$(inherited)",
					"$(SDKROOT)/usr/lib/system",
				);
				PRODUCT_BUNDLE_IDENTIFIER = "io.github.nathan.$(PRODUCT_NAME:rfc1034identifier)";
				PRODUCT_NAME = "$(TARGET_NAME)";
				SWIFT_OBJC_BRIDGING_HEADER = "Hush/Hush-Bridging-Header.h";
				SWIFT_OPTIMIZATION_LEVEL = "-Onone";
			};
			name = Debug;
		};
		A18A60EB1B61BA690082D157 /* Release */ = {
			isa = XCBuildConfiguration;
			buildSettings = {
				ASSETCATALOG_COMPILER_APPICON_NAME = AppIcon;
				CLANG_ENABLE_MODULES = YES;
				COMBINE_HIDPI_IMAGES = YES;
				INFOPLIST_FILE = Hush/Info.plist;
				LD_RUNPATH_SEARCH_PATHS = "$(inherited) @executable_path/../Frameworks";
				LIBRARY_SEARCH_PATHS = (
					"$(inherited)",
					"$(SDKROOT)/usr/lib/system",
				);
				PRODUCT_BUNDLE_IDENTIFIER = "io.github.nathan.$(PRODUCT_NAME:rfc1034identifier)";
				PRODUCT_NAME = "$(TARGET_NAME)";
				SWIFT_OBJC_BRIDGING_HEADER = "Hush/Hush-Bridging-Header.h";
				SWIFT_OPTIMIZATION_LEVEL = "-O";
			};
			name = Release;
		};
		A18A60ED1B61BA690082D157 /* Debug */ = {
			isa = XCBuildConfiguration;
			buildSettings = {
				BUNDLE_LOADER = "$(TEST_HOST)";
				COMBINE_HIDPI_IMAGES = YES;
				FRAMEWORK_SEARCH_PATHS = (
					"$(DEVELOPER_FRAMEWORKS_DIR)",
					"$(inherited)",
				);
				GCC_PREPROCESSOR_DEFINITIONS = (
					"DEBUG=1",
					"$(inherited)",
				);
				INFOPLIST_FILE = HushTests/Info.plist;
				LD_RUNPATH_SEARCH_PATHS = "$(inherited) @executable_path/../Frameworks @loader_path/../Frameworks";
				PRODUCT_BUNDLE_IDENTIFIER = "io.github.nathan.$(PRODUCT_NAME:rfc1034identifier)";
				PRODUCT_NAME = "$(TARGET_NAME)";
				TEST_HOST = "$(BUILT_PRODUCTS_DIR)/Hush.app/Contents/MacOS/Hush";
			};
			name = Debug;
		};
		A18A60EE1B61BA690082D157 /* Release */ = {
			isa = XCBuildConfiguration;
			buildSettings = {
				BUNDLE_LOADER = "$(TEST_HOST)";
				COMBINE_HIDPI_IMAGES = YES;
				FRAMEWORK_SEARCH_PATHS = (
					"$(DEVELOPER_FRAMEWORKS_DIR)",
					"$(inherited)",
				);
				INFOPLIST_FILE = HushTests/Info.plist;
				LD_RUNPATH_SEARCH_PATHS = "$(inherited) @executable_path/../Frameworks @loader_path/../Frameworks";
				PRODUCT_BUNDLE_IDENTIFIER = "io.github.nathan.$(PRODUCT_NAME:rfc1034identifier)";
				PRODUCT_NAME = "$(TARGET_NAME)";
				TEST_HOST = "$(BUILT_PRODUCTS_DIR)/Hush.app/Contents/MacOS/Hush";
			};
			name = Release;
		};
/* End XCBuildConfiguration section */

/* Begin XCConfigurationList section */
		A1677A4C1B64A20600B5C8E7 /* Build configuration list for PBXNativeTarget "HushStartup" */ = {
			isa = XCConfigurationList;
			buildConfigurations = (
				A1677A461B64A20600B5C8E7 /* Debug */,
				A1677A471B64A20600B5C8E7 /* Release */,
			);
			defaultConfigurationIsVisible = 0;
			defaultConfigurationName = Release;
		};
		A18A60C81B61BA690082D157 /* Build configuration list for PBXProject "Hush" */ = {
			isa = XCConfigurationList;
			buildConfigurations = (
				A18A60E71B61BA690082D157 /* Debug */,
				A18A60E81B61BA690082D157 /* Release */,
			);
			defaultConfigurationIsVisible = 0;
			defaultConfigurationName = Release;
		};
		A18A60E91B61BA690082D157 /* Build configuration list for PBXNativeTarget "Hush" */ = {
			isa = XCConfigurationList;
			buildConfigurations = (
				A18A60EA1B61BA690082D157 /* Debug */,
				A18A60EB1B61BA690082D157 /* Release */,
			);
			defaultConfigurationIsVisible = 0;
			defaultConfigurationName = Release;
		};
		A18A60EC1B61BA690082D157 /* Build configuration list for PBXNativeTarget "HushTests" */ = {
			isa = XCConfigurationList;
			buildConfigurations = (
				A18A60ED1B61BA690082D157 /* Debug */,
				A18A60EE1B61BA690082D157 /* Release */,
			);
			defaultConfigurationIsVisible = 0;
			defaultConfigurationName = Release;
		};
/* End XCConfigurationList section */
	};
	rootObject = A18A60C51B61BA690082D157 /* Project object */;
}
