// !$*UTF8*$!
{
	archiveVersion = 1;
	classes = {
	};
	objectVersion = 46;
	objects = {

/* Begin PBXBuildFile section */
		A1055C7E1B7E503E00BF53BA /* LengthViewController.swift in Sources */ = {isa = PBXBuildFile; fileRef = A1055C7D1B7E503E00BF53BA /* LengthViewController.swift */; };
		A1055C821B7E545C00BF53BA /* Defaults.plist in Resources */ = {isa = PBXBuildFile; fileRef = A1055C811B7E545C00BF53BA /* Defaults.plist */; };
		A1055C831B7E546200BF53BA /* Defaults.plist in Resources */ = {isa = PBXBuildFile; fileRef = A1055C811B7E545C00BF53BA /* Defaults.plist */; };
		A1055C851B7E550500BF53BA /* OSXDefaults.plist in Resources */ = {isa = PBXBuildFile; fileRef = A1055C841B7E550500BF53BA /* OSXDefaults.plist */; };
		A13BFCCA1B6381900016AF15 /* NSTextField+secure.swift in Sources */ = {isa = PBXBuildFile; fileRef = A13BFCC91B6381900016AF15 /* NSTextField+secure.swift */; };
		A13BFCCC1B6385700016AF15 /* NSButton+checked.swift in Sources */ = {isa = PBXBuildFile; fileRef = A13BFCCB1B6385700016AF15 /* NSButton+checked.swift */; };
		A13BFCCE1B6422A90016AF15 /* Hasher.swift in Sources */ = {isa = PBXBuildFile; fileRef = A13BFCCD1B6422A90016AF15 /* Hasher.swift */; };
		A13BFCD01B6425180016AF15 /* KeyboardEmulator.swift in Sources */ = {isa = PBXBuildFile; fileRef = A13BFCCF1B6425180016AF15 /* KeyboardEmulator.swift */; };
		A14B7E851B7E487E008C13D3 /* OptionsViewController.swift in Sources */ = {isa = PBXBuildFile; fileRef = A14B7E841B7E487E008C13D3 /* OptionsViewController.swift */; };
		A15DB1891B64A098009494AC /* ServiceManagement.framework in Frameworks */ = {isa = PBXBuildFile; fileRef = A15DB1881B64A098009494AC /* ServiceManagement.framework */; };
		A1677A291B64A20600B5C8E7 /* AppDelegate.swift in Sources */ = {isa = PBXBuildFile; fileRef = A1677A281B64A20600B5C8E7 /* AppDelegate.swift */; };
		A1677A2B1B64A20600B5C8E7 /* Assets.xcassets in Resources */ = {isa = PBXBuildFile; fileRef = A1677A2A1B64A20600B5C8E7 /* Assets.xcassets */; };
		A1677A2E1B64A20600B5C8E7 /* MainMenu.xib in Resources */ = {isa = PBXBuildFile; fileRef = A1677A2C1B64A20600B5C8E7 /* MainMenu.xib */; };
		A1677A521B64A2B400B5C8E7 /* HushStartup.app in CopyFiles */ = {isa = PBXBuildFile; fileRef = A1677A261B64A20600B5C8E7 /* HushStartup.app */; settings = {ATTRIBUTES = (RemoveHeadersOnCopy, ); }; };
		A1734E4E1B7E9E000005C9C5 /* Settings.bundle in Resources */ = {isa = PBXBuildFile; fileRef = A1734E4D1B7E9E000005C9C5 /* Settings.bundle */; };
		A1734E501B7EA0BE0005C9C5 /* Keychain.swift in Sources */ = {isa = PBXBuildFile; fileRef = A1734E4F1B7EA0BE0005C9C5 /* Keychain.swift */; };
		A1734E511B7EA0BE0005C9C5 /* Keychain.swift in Sources */ = {isa = PBXBuildFile; fileRef = A1734E4F1B7EA0BE0005C9C5 /* Keychain.swift */; };
		A18A60D31B61BA690082D157 /* AppDelegate.swift in Sources */ = {isa = PBXBuildFile; fileRef = A18A60D21B61BA690082D157 /* AppDelegate.swift */; };
		A18A60D71B61BA690082D157 /* Images.xcassets in Resources */ = {isa = PBXBuildFile; fileRef = A18A60D61B61BA690082D157 /* Images.xcassets */; };
		A18A60E61B61BA690082D157 /* HushTests.swift in Sources */ = {isa = PBXBuildFile; fileRef = A18A60E51B61BA690082D157 /* HushTests.swift */; };
		A18A60F11B61BFBC0082D157 /* Main.xib in Resources */ = {isa = PBXBuildFile; fileRef = A18A60F01B61BFBC0082D157 /* Main.xib */; };
		A18AC24C1B634DE700366CDA /* CGEventFlags_.swift in Sources */ = {isa = PBXBuildFile; fileRef = A18AC24B1B634DE700366CDA /* CGEventFlags_.swift */; };
		A192AE431B7E222D00B8C716 /* ViewController.swift in Sources */ = {isa = PBXBuildFile; fileRef = A192AE421B7E222D00B8C716 /* ViewController.swift */; };
		A192AE451B7E346C00B8C716 /* Hasher.swift in Sources */ = {isa = PBXBuildFile; fileRef = A13BFCCD1B6422A90016AF15 /* Hasher.swift */; };
		A1E9BA781B64ADEE0086536B /* HotKey.swift in Sources */ = {isa = PBXBuildFile; fileRef = A1E9BA771B64ADEE0086536B /* HotKey.swift */; };
		A1F2E0021B7D827700CA0C92 /* AppDelegate.swift in Sources */ = {isa = PBXBuildFile; fileRef = A1F2E0011B7D827700CA0C92 /* AppDelegate.swift */; };
		A1F2E0071B7D827700CA0C92 /* Main.storyboard in Resources */ = {isa = PBXBuildFile; fileRef = A1F2E0051B7D827700CA0C92 /* Main.storyboard */; };
		A1F2E0091B7D827700CA0C92 /* Assets.xcassets in Resources */ = {isa = PBXBuildFile; fileRef = A1F2E0081B7D827700CA0C92 /* Assets.xcassets */; };
		A1F2E00C1B7D827700CA0C92 /* LaunchScreen.storyboard in Resources */ = {isa = PBXBuildFile; fileRef = A1F2E00A1B7D827700CA0C92 /* LaunchScreen.storyboard */; };
		A1F2E0171B7D827700CA0C92 /* iOSHushTests.swift in Sources */ = {isa = PBXBuildFile; fileRef = A1F2E0161B7D827700CA0C92 /* iOSHushTests.swift */; };
		A1F2E0221B7D827700CA0C92 /* iOSHushUITests.swift in Sources */ = {isa = PBXBuildFile; fileRef = A1F2E0211B7D827700CA0C92 /* iOSHushUITests.swift */; };
		A1FF80591B6484B2005C5B62 /* Assets.sketch in Resources */ = {isa = PBXBuildFile; fileRef = A1FF80581B6484B2005C5B62 /* Assets.sketch */; };
/* End PBXBuildFile section */

/* Begin PBXContainerItemProxy section */
		A18A60E01B61BA690082D157 /* PBXContainerItemProxy */ = {
			isa = PBXContainerItemProxy;
			containerPortal = A18A60C51B61BA690082D157 /* Project object */;
			proxyType = 1;
			remoteGlobalIDString = A18A60CC1B61BA690082D157;
			remoteInfo = Hush;
		};
		A1F2E0131B7D827700CA0C92 /* PBXContainerItemProxy */ = {
			isa = PBXContainerItemProxy;
			containerPortal = A18A60C51B61BA690082D157 /* Project object */;
			proxyType = 1;
			remoteGlobalIDString = A1F2DFFE1B7D827700CA0C92;
			remoteInfo = iOSHush;
		};
		A1F2E01E1B7D827700CA0C92 /* PBXContainerItemProxy */ = {
			isa = PBXContainerItemProxy;
			containerPortal = A18A60C51B61BA690082D157 /* Project object */;
			proxyType = 1;
			remoteGlobalIDString = A1F2DFFE1B7D827700CA0C92;
			remoteInfo = iOSHush;
		};
/* End PBXContainerItemProxy section */

/* Begin PBXCopyFilesBuildPhase section */
		A1677A511B64A2AA00B5C8E7 /* CopyFiles */ = {
			isa = PBXCopyFilesBuildPhase;
			buildActionMask = 2147483647;
			dstPath = Contents/Library/LoginItems;
			dstSubfolderSpec = 1;
			files = (
				A1677A521B64A2B400B5C8E7 /* HushStartup.app in CopyFiles */,
			);
			runOnlyForDeploymentPostprocessing = 0;
		};
/* End PBXCopyFilesBuildPhase section */

/* Begin PBXFileReference section */
		A1055C7D1B7E503E00BF53BA /* LengthViewController.swift */ = {isa = PBXFileReference; fileEncoding = 4; lastKnownFileType = sourcecode.swift; path = LengthViewController.swift; sourceTree = "<group>"; };
		A1055C811B7E545C00BF53BA /* Defaults.plist */ = {isa = PBXFileReference; fileEncoding = 4; lastKnownFileType = text.plist.xml; path = Defaults.plist; sourceTree = "<group>"; };
		A1055C841B7E550500BF53BA /* OSXDefaults.plist */ = {isa = PBXFileReference; fileEncoding = 4; lastKnownFileType = text.plist.xml; path = OSXDefaults.plist; sourceTree = "<group>"; };
		A13BFCC91B6381900016AF15 /* NSTextField+secure.swift */ = {isa = PBXFileReference; fileEncoding = 4; lastKnownFileType = sourcecode.swift; path = "NSTextField+secure.swift"; sourceTree = "<group>"; };
		A13BFCCB1B6385700016AF15 /* NSButton+checked.swift */ = {isa = PBXFileReference; fileEncoding = 4; lastKnownFileType = sourcecode.swift; path = "NSButton+checked.swift"; sourceTree = "<group>"; };
		A13BFCCD1B6422A90016AF15 /* Hasher.swift */ = {isa = PBXFileReference; fileEncoding = 4; lastKnownFileType = sourcecode.swift; path = Hasher.swift; sourceTree = "<group>"; };
		A13BFCCF1B6425180016AF15 /* KeyboardEmulator.swift */ = {isa = PBXFileReference; fileEncoding = 4; lastKnownFileType = sourcecode.swift; path = KeyboardEmulator.swift; sourceTree = "<group>"; };
		A14B7E841B7E487E008C13D3 /* OptionsViewController.swift */ = {isa = PBXFileReference; fileEncoding = 4; lastKnownFileType = sourcecode.swift; path = OptionsViewController.swift; sourceTree = "<group>"; };
		A15DB1881B64A098009494AC /* ServiceManagement.framework */ = {isa = PBXFileReference; lastKnownFileType = wrapper.framework; name = ServiceManagement.framework; path = System/Library/Frameworks/ServiceManagement.framework; sourceTree = SDKROOT; };
		A1677A261B64A20600B5C8E7 /* HushStartup.app */ = {isa = PBXFileReference; explicitFileType = wrapper.application; includeInIndex = 0; path = HushStartup.app; sourceTree = BUILT_PRODUCTS_DIR; };
		A1677A281B64A20600B5C8E7 /* AppDelegate.swift */ = {isa = PBXFileReference; lastKnownFileType = sourcecode.swift; path = AppDelegate.swift; sourceTree = "<group>"; };
		A1677A2A1B64A20600B5C8E7 /* Assets.xcassets */ = {isa = PBXFileReference; lastKnownFileType = folder.assetcatalog; path = Assets.xcassets; sourceTree = "<group>"; };
		A1677A2D1B64A20600B5C8E7 /* Base */ = {isa = PBXFileReference; lastKnownFileType = file.xib; name = Base; path = Base.lproj/MainMenu.xib; sourceTree = "<group>"; };
		A1677A2F1B64A20600B5C8E7 /* Info.plist */ = {isa = PBXFileReference; lastKnownFileType = text.plist.xml; path = Info.plist; sourceTree = "<group>"; };
		A16CB6881B7263C7006C0FD7 /* Hush.entitlements */ = {isa = PBXFileReference; lastKnownFileType = text.xml; path = Hush.entitlements; sourceTree = "<group>"; };
		A1734E4D1B7E9E000005C9C5 /* Settings.bundle */ = {isa = PBXFileReference; lastKnownFileType = "wrapper.plug-in"; path = Settings.bundle; sourceTree = "<group>"; };
		A1734E4F1B7EA0BE0005C9C5 /* Keychain.swift */ = {isa = PBXFileReference; fileEncoding = 4; lastKnownFileType = sourcecode.swift; path = Keychain.swift; sourceTree = "<group>"; };
		A18A60CD1B61BA690082D157 /* Hush.app */ = {isa = PBXFileReference; explicitFileType = wrapper.application; includeInIndex = 0; path = Hush.app; sourceTree = BUILT_PRODUCTS_DIR; };
		A18A60D11B61BA690082D157 /* Info.plist */ = {isa = PBXFileReference; lastKnownFileType = text.plist.xml; path = Info.plist; sourceTree = "<group>"; };
		A18A60D21B61BA690082D157 /* AppDelegate.swift */ = {isa = PBXFileReference; lastKnownFileType = sourcecode.swift; path = AppDelegate.swift; sourceTree = "<group>"; };
		A18A60D61B61BA690082D157 /* Images.xcassets */ = {isa = PBXFileReference; lastKnownFileType = folder.assetcatalog; path = Images.xcassets; sourceTree = "<group>"; };
		A18A60DF1B61BA690082D157 /* HushTests.xctest */ = {isa = PBXFileReference; explicitFileType = wrapper.cfbundle; includeInIndex = 0; path = HushTests.xctest; sourceTree = BUILT_PRODUCTS_DIR; };
		A18A60E41B61BA690082D157 /* Info.plist */ = {isa = PBXFileReference; lastKnownFileType = text.plist.xml; path = Info.plist; sourceTree = "<group>"; };
		A18A60E51B61BA690082D157 /* HushTests.swift */ = {isa = PBXFileReference; lastKnownFileType = sourcecode.swift; path = HushTests.swift; sourceTree = "<group>"; };
		A18A60F01B61BFBC0082D157 /* Main.xib */ = {isa = PBXFileReference; fileEncoding = 4; lastKnownFileType = file.xib; path = Main.xib; sourceTree = "<group>"; };
		A18A817F1B62C51300F21A2F /* Hush-Bridging-Header.h */ = {isa = PBXFileReference; lastKnownFileType = sourcecode.c.h; path = "Hush-Bridging-Header.h"; sourceTree = "<group>"; };
		A18AC24B1B634DE700366CDA /* CGEventFlags_.swift */ = {isa = PBXFileReference; fileEncoding = 4; lastKnownFileType = sourcecode.swift; path = CGEventFlags_.swift; sourceTree = "<group>"; };
		A192AE421B7E222D00B8C716 /* ViewController.swift */ = {isa = PBXFileReference; fileEncoding = 4; lastKnownFileType = sourcecode.swift; path = ViewController.swift; sourceTree = "<group>"; };
		A192AE4C1B7E370000B8C716 /* iOSHush-Bridging-Header.h */ = {isa = PBXFileReference; lastKnownFileType = sourcecode.c.h; path = "iOSHush-Bridging-Header.h"; sourceTree = "<group>"; };
		A1E9BA771B64ADEE0086536B /* HotKey.swift */ = {isa = PBXFileReference; fileEncoding = 4; lastKnownFileType = sourcecode.swift; path = HotKey.swift; sourceTree = "<group>"; };
		A1F2DFFF1B7D827700CA0C92 /* iOSHush.app */ = {isa = PBXFileReference; explicitFileType = wrapper.application; includeInIndex = 0; path = iOSHush.app; sourceTree = BUILT_PRODUCTS_DIR; };
		A1F2E0011B7D827700CA0C92 /* AppDelegate.swift */ = {isa = PBXFileReference; lastKnownFileType = sourcecode.swift; path = AppDelegate.swift; sourceTree = "<group>"; };
		A1F2E0061B7D827700CA0C92 /* Base */ = {isa = PBXFileReference; lastKnownFileType = file.storyboard; name = Base; path = Base.lproj/Main.storyboard; sourceTree = "<group>"; };
		A1F2E0081B7D827700CA0C92 /* Assets.xcassets */ = {isa = PBXFileReference; lastKnownFileType = folder.assetcatalog; path = Assets.xcassets; sourceTree = "<group>"; };
		A1F2E00B1B7D827700CA0C92 /* Base */ = {isa = PBXFileReference; lastKnownFileType = file.storyboard; name = Base; path = Base.lproj/LaunchScreen.storyboard; sourceTree = "<group>"; };
		A1F2E00D1B7D827700CA0C92 /* Info.plist */ = {isa = PBXFileReference; lastKnownFileType = text.plist.xml; path = Info.plist; sourceTree = "<group>"; };
		A1F2E0121B7D827700CA0C92 /* iOSHushTests.xctest */ = {isa = PBXFileReference; explicitFileType = wrapper.cfbundle; includeInIndex = 0; path = iOSHushTests.xctest; sourceTree = BUILT_PRODUCTS_DIR; };
		A1F2E0161B7D827700CA0C92 /* iOSHushTests.swift */ = {isa = PBXFileReference; lastKnownFileType = sourcecode.swift; path = iOSHushTests.swift; sourceTree = "<group>"; };
		A1F2E0181B7D827700CA0C92 /* Info.plist */ = {isa = PBXFileReference; lastKnownFileType = text.plist.xml; path = Info.plist; sourceTree = "<group>"; };
		A1F2E01D1B7D827700CA0C92 /* iOSHushUITests.xctest */ = {isa = PBXFileReference; explicitFileType = wrapper.cfbundle; includeInIndex = 0; path = iOSHushUITests.xctest; sourceTree = BUILT_PRODUCTS_DIR; };
		A1F2E0211B7D827700CA0C92 /* iOSHushUITests.swift */ = {isa = PBXFileReference; lastKnownFileType = sourcecode.swift; path = iOSHushUITests.swift; sourceTree = "<group>"; };
		A1F2E0231B7D827700CA0C92 /* Info.plist */ = {isa = PBXFileReference; lastKnownFileType = text.plist.xml; path = Info.plist; sourceTree = "<group>"; };
		A1FF80581B6484B2005C5B62 /* Assets.sketch */ = {isa = PBXFileReference; lastKnownFileType = file; path = Assets.sketch; sourceTree = "<group>"; };
/* End PBXFileReference section */

/* Begin PBXFrameworksBuildPhase section */
		A1677A231B64A20600B5C8E7 /* Frameworks */ = {
			isa = PBXFrameworksBuildPhase;
			buildActionMask = 2147483647;
			files = (
			);
			runOnlyForDeploymentPostprocessing = 0;
		};
		A18A60CA1B61BA690082D157 /* Frameworks */ = {
			isa = PBXFrameworksBuildPhase;
			buildActionMask = 2147483647;
			files = (
				A15DB1891B64A098009494AC /* ServiceManagement.framework in Frameworks */,
			);
			runOnlyForDeploymentPostprocessing = 0;
		};
		A18A60DC1B61BA690082D157 /* Frameworks */ = {
			isa = PBXFrameworksBuildPhase;
			buildActionMask = 2147483647;
			files = (
			);
			runOnlyForDeploymentPostprocessing = 0;
		};
		A1F2DFFC1B7D827700CA0C92 /* Frameworks */ = {
			isa = PBXFrameworksBuildPhase;
			buildActionMask = 2147483647;
			files = (
			);
			runOnlyForDeploymentPostprocessing = 0;
		};
		A1F2E00F1B7D827700CA0C92 /* Frameworks */ = {
			isa = PBXFrameworksBuildPhase;
			buildActionMask = 2147483647;
			files = (
			);
			runOnlyForDeploymentPostprocessing = 0;
		};
		A1F2E01A1B7D827700CA0C92 /* Frameworks */ = {
			isa = PBXFrameworksBuildPhase;
			buildActionMask = 2147483647;
			files = (
			);
			runOnlyForDeploymentPostprocessing = 0;
		};
/* End PBXFrameworksBuildPhase section */

/* Begin PBXGroup section */
		A15DB18A1B64A09D009494AC /* Libraries */ = {
			isa = PBXGroup;
			children = (
				A15DB1881B64A098009494AC /* ServiceManagement.framework */,
			);
			name = Libraries;
			sourceTree = "<group>";
		};
		A1677A271B64A20600B5C8E7 /* HushStartup */ = {
			isa = PBXGroup;
			children = (
				A1677A281B64A20600B5C8E7 /* AppDelegate.swift */,
				A1677A2A1B64A20600B5C8E7 /* Assets.xcassets */,
				A1677A2C1B64A20600B5C8E7 /* MainMenu.xib */,
				A1677A2F1B64A20600B5C8E7 /* Info.plist */,
			);
			path = HushStartup;
			sourceTree = "<group>";
		};
		A18A60C41B61BA690082D157 = {
			isa = PBXGroup;
			children = (
				A192AE441B7E340500B8C716 /* Shared */,
				A18A60CF1B61BA690082D157 /* Hush */,
				A18A60E21B61BA690082D157 /* HushTests */,
				A1677A271B64A20600B5C8E7 /* HushStartup */,
				A1F2E0001B7D827700CA0C92 /* iOSHush */,
				A1F2E0151B7D827700CA0C92 /* iOSHushTests */,
				A1F2E0201B7D827700CA0C92 /* iOSHushUITests */,
				A18A60CE1B61BA690082D157 /* Products */,
				A15DB18A1B64A09D009494AC /* Libraries */,
			);
			sourceTree = "<group>";
		};
		A18A60CE1B61BA690082D157 /* Products */ = {
			isa = PBXGroup;
			children = (
				A18A60CD1B61BA690082D157 /* Hush.app */,
				A18A60DF1B61BA690082D157 /* HushTests.xctest */,
				A1677A261B64A20600B5C8E7 /* HushStartup.app */,
				A1F2DFFF1B7D827700CA0C92 /* iOSHush.app */,
				A1F2E0121B7D827700CA0C92 /* iOSHushTests.xctest */,
				A1F2E01D1B7D827700CA0C92 /* iOSHushUITests.xctest */,
			);
			name = Products;
			sourceTree = "<group>";
		};
		A18A60CF1B61BA690082D157 /* Hush */ = {
			isa = PBXGroup;
			children = (
				A16CB6881B7263C7006C0FD7 /* Hush.entitlements */,
				A1E9BA761B64ADA80086536B /* Extensions */,
				A18A60D21B61BA690082D157 /* AppDelegate.swift */,
				A13BFCCF1B6425180016AF15 /* KeyboardEmulator.swift */,
				A1E9BA771B64ADEE0086536B /* HotKey.swift */,
				A18A60D61B61BA690082D157 /* Images.xcassets */,
				A18A60F01B61BFBC0082D157 /* Main.xib */,
				A18A60D01B61BA690082D157 /* Supporting Files */,
			);
			path = Hush;
			sourceTree = "<group>";
		};
		A18A60D01B61BA690082D157 /* Supporting Files */ = {
			isa = PBXGroup;
			children = (
				A18A817F1B62C51300F21A2F /* Hush-Bridging-Header.h */,
				A1FF80581B6484B2005C5B62 /* Assets.sketch */,
				A18A60D11B61BA690082D157 /* Info.plist */,
				A1055C841B7E550500BF53BA /* OSXDefaults.plist */,
			);
			name = "Supporting Files";
			sourceTree = "<group>";
		};
		A18A60E21B61BA690082D157 /* HushTests */ = {
			isa = PBXGroup;
			children = (
				A18A60E51B61BA690082D157 /* HushTests.swift */,
				A18A60E31B61BA690082D157 /* Supporting Files */,
			);
			path = HushTests;
			sourceTree = "<group>";
		};
		A18A60E31B61BA690082D157 /* Supporting Files */ = {
			isa = PBXGroup;
			children = (
				A18A60E41B61BA690082D157 /* Info.plist */,
			);
			name = "Supporting Files";
			sourceTree = "<group>";
		};
		A192AE441B7E340500B8C716 /* Shared */ = {
			isa = PBXGroup;
			children = (
				A13BFCCD1B6422A90016AF15 /* Hasher.swift */,
				A1734E4F1B7EA0BE0005C9C5 /* Keychain.swift */,
				A1055C811B7E545C00BF53BA /* Defaults.plist */,
			);
			path = Shared;
			sourceTree = "<group>";
		};
		A1E9BA761B64ADA80086536B /* Extensions */ = {
			isa = PBXGroup;
			children = (
				A18AC24B1B634DE700366CDA /* CGEventFlags_.swift */,
				A13BFCC91B6381900016AF15 /* NSTextField+secure.swift */,
				A13BFCCB1B6385700016AF15 /* NSButton+checked.swift */,
			);
			name = Extensions;
			sourceTree = "<group>";
		};
		A1F2E0001B7D827700CA0C92 /* iOSHush */ = {
			isa = PBXGroup;
			children = (
				A192AE421B7E222D00B8C716 /* ViewController.swift */,
				A14B7E841B7E487E008C13D3 /* OptionsViewController.swift */,
				A1055C7D1B7E503E00BF53BA /* LengthViewController.swift */,
				A1F2E0011B7D827700CA0C92 /* AppDelegate.swift */,
				A1F2E0051B7D827700CA0C92 /* Main.storyboard */,
				A1F2E0081B7D827700CA0C92 /* Assets.xcassets */,
				A1F2E00A1B7D827700CA0C92 /* LaunchScreen.storyboard */,
				A192AE4C1B7E370000B8C716 /* iOSHush-Bridging-Header.h */,
				A1F2E00D1B7D827700CA0C92 /* Info.plist */,
				A1734E4D1B7E9E000005C9C5 /* Settings.bundle */,
			);
			path = iOSHush;
			sourceTree = "<group>";
		};
		A1F2E0151B7D827700CA0C92 /* iOSHushTests */ = {
			isa = PBXGroup;
			children = (
				A1F2E0161B7D827700CA0C92 /* iOSHushTests.swift */,
				A1F2E0181B7D827700CA0C92 /* Info.plist */,
			);
			path = iOSHushTests;
			sourceTree = "<group>";
		};
		A1F2E0201B7D827700CA0C92 /* iOSHushUITests */ = {
			isa = PBXGroup;
			children = (
				A1F2E0211B7D827700CA0C92 /* iOSHushUITests.swift */,
				A1F2E0231B7D827700CA0C92 /* Info.plist */,
			);
			path = iOSHushUITests;
			sourceTree = "<group>";
		};
/* End PBXGroup section */

/* Begin PBXNativeTarget section */
		A1677A251B64A20600B5C8E7 /* HushStartup */ = {
			isa = PBXNativeTarget;
			buildConfigurationList = A1677A4C1B64A20600B5C8E7 /* Build configuration list for PBXNativeTarget "HushStartup" */;
			buildPhases = (
				A1677A221B64A20600B5C8E7 /* Sources */,
				A1677A231B64A20600B5C8E7 /* Frameworks */,
				A1677A241B64A20600B5C8E7 /* Resources */,
			);
			buildRules = (
			);
			dependencies = (
			);
			name = HushStartup;
			productName = HushStartup;
			productReference = A1677A261B64A20600B5C8E7 /* HushStartup.app */;
			productType = "com.apple.product-type.application";
		};
		A18A60CC1B61BA690082D157 /* Hush */ = {
			isa = PBXNativeTarget;
			buildConfigurationList = A18A60E91B61BA690082D157 /* Build configuration list for PBXNativeTarget "Hush" */;
			buildPhases = (
				A18A60C91B61BA690082D157 /* Sources */,
				A18A60CA1B61BA690082D157 /* Frameworks */,
				A18A60CB1B61BA690082D157 /* Resources */,
				A1677A511B64A2AA00B5C8E7 /* CopyFiles */,
			);
			buildRules = (
			);
			dependencies = (
			);
			name = Hush;
			productName = Hush;
			productReference = A18A60CD1B61BA690082D157 /* Hush.app */;
			productType = "com.apple.product-type.application";
		};
		A18A60DE1B61BA690082D157 /* HushTests */ = {
			isa = PBXNativeTarget;
			buildConfigurationList = A18A60EC1B61BA690082D157 /* Build configuration list for PBXNativeTarget "HushTests" */;
			buildPhases = (
				A18A60DB1B61BA690082D157 /* Sources */,
				A18A60DC1B61BA690082D157 /* Frameworks */,
				A18A60DD1B61BA690082D157 /* Resources */,
			);
			buildRules = (
			);
			dependencies = (
				A18A60E11B61BA690082D157 /* PBXTargetDependency */,
			);
			name = HushTests;
			productName = HushTests;
			productReference = A18A60DF1B61BA690082D157 /* HushTests.xctest */;
			productType = "com.apple.product-type.bundle.unit-test";
		};
		A1F2DFFE1B7D827700CA0C92 /* iOSHush */ = {
			isa = PBXNativeTarget;
			buildConfigurationList = A1F2E0241B7D827700CA0C92 /* Build configuration list for PBXNativeTarget "iOSHush" */;
			buildPhases = (
				A1F2DFFB1B7D827700CA0C92 /* Sources */,
				A1F2DFFC1B7D827700CA0C92 /* Frameworks */,
				A1F2DFFD1B7D827700CA0C92 /* Resources */,
			);
			buildRules = (
			);
			dependencies = (
			);
			name = iOSHush;
			productName = iOSHush;
			productReference = A1F2DFFF1B7D827700CA0C92 /* iOSHush.app */;
			productType = "com.apple.product-type.application";
		};
		A1F2E0111B7D827700CA0C92 /* iOSHushTests */ = {
			isa = PBXNativeTarget;
			buildConfigurationList = A1F2E0271B7D827700CA0C92 /* Build configuration list for PBXNativeTarget "iOSHushTests" */;
			buildPhases = (
				A1F2E00E1B7D827700CA0C92 /* Sources */,
				A1F2E00F1B7D827700CA0C92 /* Frameworks */,
				A1F2E0101B7D827700CA0C92 /* Resources */,
			);
			buildRules = (
			);
			dependencies = (
				A1F2E0141B7D827700CA0C92 /* PBXTargetDependency */,
			);
			name = iOSHushTests;
			productName = iOSHushTests;
			productReference = A1F2E0121B7D827700CA0C92 /* iOSHushTests.xctest */;
			productType = "com.apple.product-type.bundle.unit-test";
		};
		A1F2E01C1B7D827700CA0C92 /* iOSHushUITests */ = {
			isa = PBXNativeTarget;
			buildConfigurationList = A1F2E02A1B7D827700CA0C92 /* Build configuration list for PBXNativeTarget "iOSHushUITests" */;
			buildPhases = (
				A1F2E0191B7D827700CA0C92 /* Sources */,
				A1F2E01A1B7D827700CA0C92 /* Frameworks */,
				A1F2E01B1B7D827700CA0C92 /* Resources */,
			);
			buildRules = (
			);
			dependencies = (
				A1F2E01F1B7D827700CA0C92 /* PBXTargetDependency */,
			);
			name = iOSHushUITests;
			productName = iOSHushUITests;
			productReference = A1F2E01D1B7D827700CA0C92 /* iOSHushUITests.xctest */;
			productType = "com.apple.product-type.bundle.ui-testing";
		};
/* End PBXNativeTarget section */

/* Begin PBXProject section */
		A18A60C51B61BA690082D157 /* Project object */ = {
			isa = PBXProject;
			attributes = {
				LastSwiftUpdateCheck = 0700;
				LastUpgradeCheck = 0700;
				ORGANIZATIONNAME = "Nathan Dinsmore";
				TargetAttributes = {
					A1677A251B64A20600B5C8E7 = {
						CreatedOnToolsVersion = 7.0;
						DevelopmentTeam = A7N6279VF9;
					};
					A18A60CC1B61BA690082D157 = {
						CreatedOnToolsVersion = 6.4;
						DevelopmentTeam = A7N6279VF9;
						SystemCapabilities = {
							com.apple.Keychain = {
								enabled = 1;
							};
							com.apple.Sandbox = {
								enabled = 0;
							};
						};
					};
					A18A60DE1B61BA690082D157 = {
						CreatedOnToolsVersion = 6.4;
						TestTargetID = A18A60CC1B61BA690082D157;
					};
					A1F2DFFE1B7D827700CA0C92 = {
						CreatedOnToolsVersion = 7.0;
					};
					A1F2E0111B7D827700CA0C92 = {
						CreatedOnToolsVersion = 7.0;
						TestTargetID = A1F2DFFE1B7D827700CA0C92;
					};
					A1F2E01C1B7D827700CA0C92 = {
						CreatedOnToolsVersion = 7.0;
						TestTargetID = A1F2DFFE1B7D827700CA0C92;
					};
				};
			};
			buildConfigurationList = A18A60C81B61BA690082D157 /* Build configuration list for PBXProject "Hush" */;
			compatibilityVersion = "Xcode 3.2";
			developmentRegion = English;
			hasScannedForEncodings = 0;
			knownRegions = (
				en,
				Base,
			);
			mainGroup = A18A60C41B61BA690082D157;
			productRefGroup = A18A60CE1B61BA690082D157 /* Products */;
			projectDirPath = "";
			projectRoot = "";
			targets = (
				A18A60CC1B61BA690082D157 /* Hush */,
				A18A60DE1B61BA690082D157 /* HushTests */,
				A1677A251B64A20600B5C8E7 /* HushStartup */,
				A1F2DFFE1B7D827700CA0C92 /* iOSHush */,
				A1F2E0111B7D827700CA0C92 /* iOSHushTests */,
				A1F2E01C1B7D827700CA0C92 /* iOSHushUITests */,
			);
		};
/* End PBXProject section */

/* Begin PBXResourcesBuildPhase section */
		A1677A241B64A20600B5C8E7 /* Resources */ = {
			isa = PBXResourcesBuildPhase;
			buildActionMask = 2147483647;
			files = (
				A1677A2B1B64A20600B5C8E7 /* Assets.xcassets in Resources */,
				A1677A2E1B64A20600B5C8E7 /* MainMenu.xib in Resources */,
			);
			runOnlyForDeploymentPostprocessing = 0;
		};
		A18A60CB1B61BA690082D157 /* Resources */ = {
			isa = PBXResourcesBuildPhase;
			buildActionMask = 2147483647;
			files = (
				A1055C851B7E550500BF53BA /* OSXDefaults.plist in Resources */,
				A1055C831B7E546200BF53BA /* Defaults.plist in Resources */,
				A18A60F11B61BFBC0082D157 /* Main.xib in Resources */,
				A18A60D71B61BA690082D157 /* Images.xcassets in Resources */,
				A1FF80591B6484B2005C5B62 /* Assets.sketch in Resources */,
			);
			runOnlyForDeploymentPostprocessing = 0;
		};
		A18A60DD1B61BA690082D157 /* Resources */ = {
			isa = PBXResourcesBuildPhase;
			buildActionMask = 2147483647;
			files = (
			);
			runOnlyForDeploymentPostprocessing = 0;
		};
		A1F2DFFD1B7D827700CA0C92 /* Resources */ = {
			isa = PBXResourcesBuildPhase;
			buildActionMask = 2147483647;
			files = (
				A1055C821B7E545C00BF53BA /* Defaults.plist in Resources */,
				A1F2E00C1B7D827700CA0C92 /* LaunchScreen.storyboard in Resources */,
				A1734E4E1B7E9E000005C9C5 /* Settings.bundle in Resources */,
				A1F2E0091B7D827700CA0C92 /* Assets.xcassets in Resources */,
				A1F2E0071B7D827700CA0C92 /* Main.storyboard in Resources */,
			);
			runOnlyForDeploymentPostprocessing = 0;
		};
		A1F2E0101B7D827700CA0C92 /* Resources */ = {
			isa = PBXResourcesBuildPhase;
			buildActionMask = 2147483647;
			files = (
			);
			runOnlyForDeploymentPostprocessing = 0;
		};
		A1F2E01B1B7D827700CA0C92 /* Resources */ = {
			isa = PBXResourcesBuildPhase;
			buildActionMask = 2147483647;
			files = (
			);
			runOnlyForDeploymentPostprocessing = 0;
		};
/* End PBXResourcesBuildPhase section */

/* Begin PBXSourcesBuildPhase section */
		A1677A221B64A20600B5C8E7 /* Sources */ = {
			isa = PBXSourcesBuildPhase;
			buildActionMask = 2147483647;
			files = (
				A1677A291B64A20600B5C8E7 /* AppDelegate.swift in Sources */,
			);
			runOnlyForDeploymentPostprocessing = 0;
		};
		A18A60C91B61BA690082D157 /* Sources */ = {
			isa = PBXSourcesBuildPhase;
			buildActionMask = 2147483647;
			files = (
				A18A60D31B61BA690082D157 /* AppDelegate.swift in Sources */,
				A13BFCCA1B6381900016AF15 /* NSTextField+secure.swift in Sources */,
				A13BFCD01B6425180016AF15 /* KeyboardEmulator.swift in Sources */,
				A13BFCCC1B6385700016AF15 /* NSButton+checked.swift in Sources */,
				A13BFCCE1B6422A90016AF15 /* Hasher.swift in Sources */,
				A1734E501B7EA0BE0005C9C5 /* Keychain.swift in Sources */,
				A18AC24C1B634DE700366CDA /* CGEventFlags_.swift in Sources */,
				A1E9BA781B64ADEE0086536B /* HotKey.swift in Sources */,
			);
			runOnlyForDeploymentPostprocessing = 0;
		};
		A18A60DB1B61BA690082D157 /* Sources */ = {
			isa = PBXSourcesBuildPhase;
			buildActionMask = 2147483647;
			files = (
				A18A60E61B61BA690082D157 /* HushTests.swift in Sources */,
			);
			runOnlyForDeploymentPostprocessing = 0;
		};
		A1F2DFFB1B7D827700CA0C92 /* Sources */ = {
			isa = PBXSourcesBuildPhase;
			buildActionMask = 2147483647;
			files = (
				A1055C7E1B7E503E00BF53BA /* LengthViewController.swift in Sources */,
				A192AE451B7E346C00B8C716 /* Hasher.swift in Sources */,
				A14B7E851B7E487E008C13D3 /* OptionsViewController.swift in Sources */,
				A192AE431B7E222D00B8C716 /* ViewController.swift in Sources */,
				A1F2E0021B7D827700CA0C92 /* AppDelegate.swift in Sources */,
				A1734E511B7EA0BE0005C9C5 /* Keychain.swift in Sources */,
			);
			runOnlyForDeploymentPostprocessing = 0;
		};
		A1F2E00E1B7D827700CA0C92 /* Sources */ = {
			isa = PBXSourcesBuildPhase;
			buildActionMask = 2147483647;
			files = (
				A1F2E0171B7D827700CA0C92 /* iOSHushTests.swift in Sources */,
			);
			runOnlyForDeploymentPostprocessing = 0;
		};
		A1F2E0191B7D827700CA0C92 /* Sources */ = {
			isa = PBXSourcesBuildPhase;
			buildActionMask = 2147483647;
			files = (
				A1F2E0221B7D827700CA0C92 /* iOSHushUITests.swift in Sources */,
			);
			runOnlyForDeploymentPostprocessing = 0;
		};
/* End PBXSourcesBuildPhase section */

/* Begin PBXTargetDependency section */
		A18A60E11B61BA690082D157 /* PBXTargetDependency */ = {
			isa = PBXTargetDependency;
			target = A18A60CC1B61BA690082D157 /* Hush */;
			targetProxy = A18A60E01B61BA690082D157 /* PBXContainerItemProxy */;
		};
		A1F2E0141B7D827700CA0C92 /* PBXTargetDependency */ = {
			isa = PBXTargetDependency;
			target = A1F2DFFE1B7D827700CA0C92 /* iOSHush */;
			targetProxy = A1F2E0131B7D827700CA0C92 /* PBXContainerItemProxy */;
		};
		A1F2E01F1B7D827700CA0C92 /* PBXTargetDependency */ = {
			isa = PBXTargetDependency;
			target = A1F2DFFE1B7D827700CA0C92 /* iOSHush */;
			targetProxy = A1F2E01E1B7D827700CA0C92 /* PBXContainerItemProxy */;
		};
/* End PBXTargetDependency section */

/* Begin PBXVariantGroup section */
		A1677A2C1B64A20600B5C8E7 /* MainMenu.xib */ = {
			isa = PBXVariantGroup;
			children = (
				A1677A2D1B64A20600B5C8E7 /* Base */,
			);
			name = MainMenu.xib;
			sourceTree = "<group>";
		};
		A1F2E0051B7D827700CA0C92 /* Main.storyboard */ = {
			isa = PBXVariantGroup;
			children = (
				A1F2E0061B7D827700CA0C92 /* Base */,
			);
			name = Main.storyboard;
			sourceTree = "<group>";
		};
		A1F2E00A1B7D827700CA0C92 /* LaunchScreen.storyboard */ = {
			isa = PBXVariantGroup;
			children = (
				A1F2E00B1B7D827700CA0C92 /* Base */,
			);
			name = LaunchScreen.storyboard;
			sourceTree = "<group>";
		};
/* End PBXVariantGroup section */

/* Begin XCBuildConfiguration section */
		A1677A461B64A20600B5C8E7 /* Debug */ = {
			isa = XCBuildConfiguration;
			buildSettings = {
				ASSETCATALOG_COMPILER_APPICON_NAME = AppIcon;
				CODE_SIGN_IDENTITY = "Mac Developer";
				COMBINE_HIDPI_IMAGES = YES;
				INFOPLIST_FILE = HushStartup/Info.plist;
				LD_RUNPATH_SEARCH_PATHS = "$(inherited) @executable_path/../Frameworks";
				PRODUCT_BUNDLE_IDENTIFIER = io.github.nathan.HushStartup;
				PRODUCT_NAME = "$(TARGET_NAME)";
			};
			name = Debug;
		};
		A1677A471B64A20600B5C8E7 /* Release */ = {
			isa = XCBuildConfiguration;
			buildSettings = {
				ASSETCATALOG_COMPILER_APPICON_NAME = AppIcon;
				CODE_SIGN_IDENTITY = "Mac Developer";
				COMBINE_HIDPI_IMAGES = YES;
				INFOPLIST_FILE = HushStartup/Info.plist;
				LD_RUNPATH_SEARCH_PATHS = "$(inherited) @executable_path/../Frameworks";
				PRODUCT_BUNDLE_IDENTIFIER = io.github.nathan.HushStartup;
				PRODUCT_NAME = "$(TARGET_NAME)";
			};
			name = Release;
		};
		A18A60E71B61BA690082D157 /* Debug */ = {
			isa = XCBuildConfiguration;
			buildSettings = {
				ALWAYS_SEARCH_USER_PATHS = NO;
				CLANG_CXX_LANGUAGE_STANDARD = "gnu++0x";
				CLANG_CXX_LIBRARY = "libc++";
				CLANG_ENABLE_MODULES = YES;
				CLANG_ENABLE_OBJC_ARC = YES;
				CLANG_WARN_BOOL_CONVERSION = YES;
				CLANG_WARN_CONSTANT_CONVERSION = YES;
				CLANG_WARN_DIRECT_OBJC_ISA_USAGE = YES_ERROR;
				CLANG_WARN_EMPTY_BODY = YES;
				CLANG_WARN_ENUM_CONVERSION = YES;
				CLANG_WARN_INT_CONVERSION = YES;
				CLANG_WARN_OBJC_ROOT_CLASS = YES_ERROR;
				CLANG_WARN_UNREACHABLE_CODE = YES;
				CLANG_WARN__DUPLICATE_METHOD_MATCH = YES;
				CODE_SIGN_IDENTITY = "-";
				COPY_PHASE_STRIP = NO;
				DEBUG_INFORMATION_FORMAT = dwarf;
				ENABLE_STRICT_OBJC_MSGSEND = YES;
				ENABLE_TESTABILITY = YES;
				GCC_C_LANGUAGE_STANDARD = gnu99;
				GCC_DYNAMIC_NO_PIC = NO;
				GCC_NO_COMMON_BLOCKS = YES;
				GCC_OPTIMIZATION_LEVEL = 0;
				GCC_PREPROCESSOR_DEFINITIONS = (
					"DEBUG=1",
					"$(inherited)",
				);
				GCC_SYMBOLS_PRIVATE_EXTERN = NO;
				GCC_WARN_64_TO_32_BIT_CONVERSION = YES;
				GCC_WARN_ABOUT_RETURN_TYPE = YES_ERROR;
				GCC_WARN_UNDECLARED_SELECTOR = YES;
				GCC_WARN_UNINITIALIZED_AUTOS = YES_AGGRESSIVE;
				GCC_WARN_UNUSED_FUNCTION = YES;
				GCC_WARN_UNUSED_VARIABLE = YES;
				MACOSX_DEPLOYMENT_TARGET = 10.10;
				MTL_ENABLE_DEBUG_INFO = YES;
				ONLY_ACTIVE_ARCH = YES;
				SDKROOT = macosx;
				SWIFT_OPTIMIZATION_LEVEL = "-Onone";
			};
			name = Debug;
		};
		A18A60E81B61BA690082D157 /* Release */ = {
			isa = XCBuildConfiguration;
			buildSettings = {
				ALWAYS_SEARCH_USER_PATHS = NO;
				CLANG_CXX_LANGUAGE_STANDARD = "gnu++0x";
				CLANG_CXX_LIBRARY = "libc++";
				CLANG_ENABLE_MODULES = YES;
				CLANG_ENABLE_OBJC_ARC = YES;
				CLANG_WARN_BOOL_CONVERSION = YES;
				CLANG_WARN_CONSTANT_CONVERSION = YES;
				CLANG_WARN_DIRECT_OBJC_ISA_USAGE = YES_ERROR;
				CLANG_WARN_EMPTY_BODY = YES;
				CLANG_WARN_ENUM_CONVERSION = YES;
				CLANG_WARN_INT_CONVERSION = YES;
				CLANG_WARN_OBJC_ROOT_CLASS = YES_ERROR;
				CLANG_WARN_UNREACHABLE_CODE = YES;
				CLANG_WARN__DUPLICATE_METHOD_MATCH = YES;
				CODE_SIGN_IDENTITY = "-";
				COPY_PHASE_STRIP = NO;
				DEBUG_INFORMATION_FORMAT = "dwarf-with-dsym";
				ENABLE_NS_ASSERTIONS = NO;
				ENABLE_STRICT_OBJC_MSGSEND = YES;
				GCC_C_LANGUAGE_STANDARD = gnu99;
				GCC_NO_COMMON_BLOCKS = YES;
				GCC_WARN_64_TO_32_BIT_CONVERSION = YES;
				GCC_WARN_ABOUT_RETURN_TYPE = YES_ERROR;
				GCC_WARN_UNDECLARED_SELECTOR = YES;
				GCC_WARN_UNINITIALIZED_AUTOS = YES_AGGRESSIVE;
				GCC_WARN_UNUSED_FUNCTION = YES;
				GCC_WARN_UNUSED_VARIABLE = YES;
				MACOSX_DEPLOYMENT_TARGET = 10.10;
				MTL_ENABLE_DEBUG_INFO = NO;
				SDKROOT = macosx;
			};
			name = Release;
		};
		A18A60EA1B61BA690082D157 /* Debug */ = {
			isa = XCBuildConfiguration;
			buildSettings = {
				ASSETCATALOG_COMPILER_APPICON_NAME = AppIcon;
				CLANG_ENABLE_MODULES = YES;
				CODE_SIGN_ENTITLEMENTS = Hush/Hush.entitlements;
				CODE_SIGN_IDENTITY = "Mac Developer";
				"CODE_SIGN_IDENTITY[sdk=macosx*]" = "Mac Developer";
				COMBINE_HIDPI_IMAGES = YES;
				INFOPLIST_FILE = Hush/Info.plist;
				LD_RUNPATH_SEARCH_PATHS = "$(inherited) @executable_path/../Frameworks";
				LIBRARY_SEARCH_PATHS = (
					"$(inherited)",
					"$(SDKROOT)/usr/lib/system",
				);
				PRODUCT_BUNDLE_IDENTIFIER = "io.github.nathan.$(PRODUCT_NAME:rfc1034identifier)";
				PRODUCT_NAME = "$(TARGET_NAME)";
				PROVISIONING_PROFILE = "";
				SWIFT_OBJC_BRIDGING_HEADER = "Hush/Hush-Bridging-Header.h";
				SWIFT_OPTIMIZATION_LEVEL = "-Onone";
			};
			name = Debug;
		};
		A18A60EB1B61BA690082D157 /* Release */ = {
			isa = XCBuildConfiguration;
			buildSettings = {
				ASSETCATALOG_COMPILER_APPICON_NAME = AppIcon;
				CLANG_ENABLE_MODULES = YES;
				CODE_SIGN_ENTITLEMENTS = Hush/Hush.entitlements;
				CODE_SIGN_IDENTITY = "Mac Developer";
				"CODE_SIGN_IDENTITY[sdk=macosx*]" = "Mac Developer";
				COMBINE_HIDPI_IMAGES = YES;
				INFOPLIST_FILE = Hush/Info.plist;
				LD_RUNPATH_SEARCH_PATHS = "$(inherited) @executable_path/../Frameworks";
				LIBRARY_SEARCH_PATHS = (
					"$(inherited)",
					"$(SDKROOT)/usr/lib/system",
				);
				PRODUCT_BUNDLE_IDENTIFIER = "io.github.nathan.$(PRODUCT_NAME:rfc1034identifier)";
				PRODUCT_NAME = "$(TARGET_NAME)";
				PROVISIONING_PROFILE = "";
				SWIFT_OBJC_BRIDGING_HEADER = "Hush/Hush-Bridging-Header.h";
				SWIFT_OPTIMIZATION_LEVEL = "-O";
			};
			name = Release;
		};
		A18A60ED1B61BA690082D157 /* Debug */ = {
			isa = XCBuildConfiguration;
			buildSettings = {
				BUNDLE_LOADER = "$(TEST_HOST)";
				COMBINE_HIDPI_IMAGES = YES;
				FRAMEWORK_SEARCH_PATHS = (
					"$(DEVELOPER_FRAMEWORKS_DIR)",
					"$(inherited)",
				);
				GCC_PREPROCESSOR_DEFINITIONS = (
					"DEBUG=1",
					"$(inherited)",
				);
				INFOPLIST_FILE = HushTests/Info.plist;
				LD_RUNPATH_SEARCH_PATHS = "$(inherited) @executable_path/../Frameworks @loader_path/../Frameworks";
				PRODUCT_BUNDLE_IDENTIFIER = "io.github.nathan.$(PRODUCT_NAME:rfc1034identifier)";
				PRODUCT_NAME = "$(TARGET_NAME)";
				TEST_HOST = "$(BUILT_PRODUCTS_DIR)/Hush.app/Contents/MacOS/Hush";
			};
			name = Debug;
		};
		A18A60EE1B61BA690082D157 /* Release */ = {
			isa = XCBuildConfiguration;
			buildSettings = {
				BUNDLE_LOADER = "$(TEST_HOST)";
				COMBINE_HIDPI_IMAGES = YES;
				FRAMEWORK_SEARCH_PATHS = (
					"$(DEVELOPER_FRAMEWORKS_DIR)",
					"$(inherited)",
				);
				INFOPLIST_FILE = HushTests/Info.plist;
				LD_RUNPATH_SEARCH_PATHS = "$(inherited) @executable_path/../Frameworks @loader_path/../Frameworks";
				PRODUCT_BUNDLE_IDENTIFIER = "io.github.nathan.$(PRODUCT_NAME:rfc1034identifier)";
				PRODUCT_NAME = "$(TARGET_NAME)";
				TEST_HOST = "$(BUILT_PRODUCTS_DIR)/Hush.app/Contents/MacOS/Hush";
			};
			name = Release;
		};
		A1F2E0251B7D827700CA0C92 /* Debug */ = {
			isa = XCBuildConfiguration;
			buildSettings = {
				ASSETCATALOG_COMPILER_APPICON_NAME = AppIcon;
				"CODE_SIGN_IDENTITY[sdk=iphoneos*]" = "iPhone Developer";
				INFOPLIST_FILE = iOSHush/Info.plist;
				IPHONEOS_DEPLOYMENT_TARGET = 8.0;
				LD_RUNPATH_SEARCH_PATHS = "$(inherited) @executable_path/Frameworks";
				LIBRARY_SEARCH_PATHS = (
					"$(inherited)",
					"$(SDKROOT)/usr/lib/system",
				);
				PRODUCT_BUNDLE_IDENTIFIER = io.github.nathan.iOSHush;
				PRODUCT_NAME = "$(TARGET_NAME)";
				SDKROOT = iphoneos;
				SWIFT_OBJC_BRIDGING_HEADER = "iOSHush/iOSHush-Bridging-Header.h";
				TARGETED_DEVICE_FAMILY = "1,2";
			};
			name = Debug;
		};
		A1F2E0261B7D827700CA0C92 /* Release */ = {
			isa = XCBuildConfiguration;
			buildSettings = {
				ASSETCATALOG_COMPILER_APPICON_NAME = AppIcon;
				"CODE_SIGN_IDENTITY[sdk=iphoneos*]" = "iPhone Developer";
				INFOPLIST_FILE = iOSHush/Info.plist;
				IPHONEOS_DEPLOYMENT_TARGET = 8.0;
				LD_RUNPATH_SEARCH_PATHS = "$(inherited) @executable_path/Frameworks";
				LIBRARY_SEARCH_PATHS = (
					"$(inherited)",
					"$(SDKROOT)/usr/lib/system",
				);
				PRODUCT_BUNDLE_IDENTIFIER = io.github.nathan.iOSHush;
				PRODUCT_NAME = "$(TARGET_NAME)";
				SDKROOT = iphoneos;
				SWIFT_OBJC_BRIDGING_HEADER = "iOSHush/iOSHush-Bridging-Header.h";
				TARGETED_DEVICE_FAMILY = "1,2";
				VALIDATE_PRODUCT = YES;
			};
			name = Release;
		};
		A1F2E0281B7D827700CA0C92 /* Debug */ = {
			isa = XCBuildConfiguration;
			buildSettings = {
				BUNDLE_LOADER = "$(TEST_HOST)";
				INFOPLIST_FILE = iOSHushTests/Info.plist;
				IPHONEOS_DEPLOYMENT_TARGET = 9.0;
				LD_RUNPATH_SEARCH_PATHS = "$(inherited) @executable_path/Frameworks @loader_path/Frameworks";
				PRODUCT_BUNDLE_IDENTIFIER = io.github.nathan.iOSHushTests;
				PRODUCT_NAME = "$(TARGET_NAME)";
				SDKROOT = iphoneos;
				TEST_HOST = "$(BUILT_PRODUCTS_DIR)/iOSHush.app/iOSHush";
			};
			name = Debug;
		};
		A1F2E0291B7D827700CA0C92 /* Release */ = {
			isa = XCBuildConfiguration;
			buildSettings = {
				BUNDLE_LOADER = "$(TEST_HOST)";
				INFOPLIST_FILE = iOSHushTests/Info.plist;
				IPHONEOS_DEPLOYMENT_TARGET = 9.0;
				LD_RUNPATH_SEARCH_PATHS = "$(inherited) @executable_path/Frameworks @loader_path/Frameworks";
				PRODUCT_BUNDLE_IDENTIFIER = io.github.nathan.iOSHushTests;
				PRODUCT_NAME = "$(TARGET_NAME)";
				SDKROOT = iphoneos;
				TEST_HOST = "$(BUILT_PRODUCTS_DIR)/iOSHush.app/iOSHush";
				VALIDATE_PRODUCT = YES;
			};
			name = Release;
		};
		A1F2E02B1B7D827700CA0C92 /* Debug */ = {
			isa = XCBuildConfiguration;
			buildSettings = {
				INFOPLIST_FILE = iOSHushUITests/Info.plist;
				IPHONEOS_DEPLOYMENT_TARGET = 9.0;
				LD_RUNPATH_SEARCH_PATHS = "$(inherited) @executable_path/Frameworks @loader_path/Frameworks";
				PRODUCT_BUNDLE_IDENTIFIER = io.github.nathan.iOSHushUITests;
				PRODUCT_NAME = "$(TARGET_NAME)";
				SDKROOT = iphoneos;
				TEST_TARGET_NAME = iOSHush;
				USES_XCTRUNNER = YES;
			};
			name = Debug;
		};
		A1F2E02C1B7D827700CA0C92 /* Release */ = {
			isa = XCBuildConfiguration;
			buildSettings = {
				INFOPLIST_FILE = iOSHushUITests/Info.plist;
				IPHONEOS_DEPLOYMENT_TARGET = 9.0;
				LD_RUNPATH_SEARCH_PATHS = "$(inherited) @executable_path/Frameworks @loader_path/Frameworks";
				PRODUCT_BUNDLE_IDENTIFIER = io.github.nathan.iOSHushUITests;
				PRODUCT_NAME = "$(TARGET_NAME)";
				SDKROOT = iphoneos;
				TEST_TARGET_NAME = iOSHush;
				USES_XCTRUNNER = YES;
				VALIDATE_PRODUCT = YES;
			};
			name = Release;
		};
/* End XCBuildConfiguration section */

/* Begin XCConfigurationList section */
		A1677A4C1B64A20600B5C8E7 /* Build configuration list for PBXNativeTarget "HushStartup" */ = {
			isa = XCConfigurationList;
			buildConfigurations = (
				A1677A461B64A20600B5C8E7 /* Debug */,
				A1677A471B64A20600B5C8E7 /* Release */,
			);
			defaultConfigurationIsVisible = 0;
			defaultConfigurationName = Release;
		};
		A18A60C81B61BA690082D157 /* Build configuration list for PBXProject "Hush" */ = {
			isa = XCConfigurationList;
			buildConfigurations = (
				A18A60E71B61BA690082D157 /* Debug */,
				A18A60E81B61BA690082D157 /* Release */,
			);
			defaultConfigurationIsVisible = 0;
			defaultConfigurationName = Release;
		};
		A18A60E91B61BA690082D157 /* Build configuration list for PBXNativeTarget "Hush" */ = {
			isa = XCConfigurationList;
			buildConfigurations = (
				A18A60EA1B61BA690082D157 /* Debug */,
				A18A60EB1B61BA690082D157 /* Release */,
			);
			defaultConfigurationIsVisible = 0;
			defaultConfigurationName = Release;
		};
		A18A60EC1B61BA690082D157 /* Build configuration list for PBXNativeTarget "HushTests" */ = {
			isa = XCConfigurationList;
			buildConfigurations = (
				A18A60ED1B61BA690082D157 /* Debug */,
				A18A60EE1B61BA690082D157 /* Release */,
			);
			defaultConfigurationIsVisible = 0;
			defaultConfigurationName = Release;
		};
		A1F2E0241B7D827700CA0C92 /* Build configuration list for PBXNativeTarget "iOSHush" */ = {
			isa = XCConfigurationList;
			buildConfigurations = (
				A1F2E0251B7D827700CA0C92 /* Debug */,
				A1F2E0261B7D827700CA0C92 /* Release */,
			);
			defaultConfigurationIsVisible = 0;
			defaultConfigurationName = Release;
		};
		A1F2E0271B7D827700CA0C92 /* Build configuration list for PBXNativeTarget "iOSHushTests" */ = {
			isa = XCConfigurationList;
			buildConfigurations = (
				A1F2E0281B7D827700CA0C92 /* Debug */,
				A1F2E0291B7D827700CA0C92 /* Release */,
			);
			defaultConfigurationIsVisible = 0;
			defaultConfigurationName = Release;
		};
		A1F2E02A1B7D827700CA0C92 /* Build configuration list for PBXNativeTarget "iOSHushUITests" */ = {
			isa = XCConfigurationList;
			buildConfigurations = (
				A1F2E02B1B7D827700CA0C92 /* Debug */,
				A1F2E02C1B7D827700CA0C92 /* Release */,
			);
			defaultConfigurationIsVisible = 0;
			defaultConfigurationName = Release;
		};
/* End XCConfigurationList section */
	};
	rootObject = A18A60C51B61BA690082D157 /* Project object */;
}
